
Microsoft Visual Studio Solution File, Format Version 12.00
# Visual Studio 15
VisualStudioVersion = 15.0.27428.2011
MinimumVisualStudioVersion = 10.0.40219.1
Project("{FAE04EC0-301F-11D3-BF4B-00C04F79EFBC}") = "DemoLab", "DemoLab\DemoLab.csproj", "{CE23F93A-FFED-48ED-9839-753E86F14A72}"
EndProject
Project("{FAE04EC0-301F-11D3-BF4B-00C04F79EFBC}") = "DemoLab.ExerciseVerification", "DemoLab.ExerciseVerification\DemoLab.ExerciseVerification.csproj", "{BF2C0534-140D-4FA5-9F19-74126640E5C2}"
EndProject
Project("{FAE04EC0-301F-11D3-BF4B-00C04F79EFBC}") = "DemoLab.Factory", "DemoLab.Factory\DemoLab.Factory.csproj", "{144FE622-D330-4388-9697-3D382F231F93}"
EndProject
Project("{FAE04EC0-301F-11D3-BF4B-00C04F79EFBC}") = "DemoLab.Core", "DemoLab.Core\DemoLab.Core.csproj", "{A86E39B5-BF96-476F-8FE7-29BAD10546AD}"
EndProject
Project("{FAE04EC0-301F-11D3-BF4B-00C04F79EFBC}") = "DemoLab.Examples", "DemoLab.Examples\DemoLab.Examples.csproj", "{AAF30395-40D2-4BEF-9FB4-A2E2DC7117BE}"
EndProject
Project("{2150E333-8FDC-42A3-9474-1A3956D46DE8}") = "Solution Items", "Solution Items", "{1719EC0F-1F10-41AA-9D37-C5A8DF229E26}"
	ProjectSection(SolutionItems) = preProject
		CustomLab.ruleset = CustomLab.ruleset
	EndProjectSection
EndProject
Project("{FAE04EC0-301F-11D3-BF4B-00C04F79EFBC}") = "DemoLab.Plugin", "DemoLab.Plugin\DemoLab.Plugin.csproj", "{B7310A07-8847-4647-B7DE-EB02196F6709}"
EndProject
Project("{FAE04EC0-301F-11D3-BF4B-00C04F79EFBC}") = "DemoLab.Runner", "DemoLab.Runner\DemoLab.Runner.csproj", "{2BB9BACE-FD6F-4B0C-B8C7-054C8BAC2B00}"
EndProject
Project("{FAE04EC0-301F-11D3-BF4B-00C04F79EFBC}") = "DemoLab.Models", "DemoLab.Models\DemoLab.Models.csproj", "{4E11FB37-9CEE-4CDD-A68E-B71E7F970FE1}"
EndProject
Project("{FAE04EC0-301F-11D3-BF4B-00C04F79EFBC}") = "DemoLab.Data.Access", "DemoLab.Data.Access\DemoLab.Data.Access.csproj", "{247B58FC-0029-4E2B-84AA-C6564763FC88}"
EndProject
Project("{FAE04EC0-301F-11D3-BF4B-00C04F79EFBC}") = "DemoLab.Services.Api", "DemoLab.Services.Api\DemoLab.Services.Api.csproj", "{FA555636-BAF4-49C9-870C-6C5D79A911CF}"
EndProject
Project("{FAE04EC0-301F-11D3-BF4B-00C04F79EFBC}") = "DemoLab.Services", "DemoLab.Services\DemoLab.Services.csproj", "{140D1D99-FEE5-4257-A675-6D7F9572924C}"
EndProject
Project("{FAE04EC0-301F-11D3-BF4B-00C04F79EFBC}") = "DemoLab.Services.Tests", "DemoLab.Services.Tests\DemoLab.Services.Tests.csproj", "{C7E1F8EC-E827-4CB5-9950-68937A858F9D}"
EndProject
Project("{FAE04EC0-301F-11D3-BF4B-00C04F79EFBC}") = "DemoLab.Web.Tests", "DemoLab.Web.Tests\DemoLab.Web.Tests.csproj", "{E71C5847-CA46-4E14-B315-EEEB98562C22}"
EndProject
Project("{2150E333-8FDC-42A3-9474-1A3956D46DE8}") = "Tests", "Tests", "{E5975D60-8E42-42A5-8174-29573A8499C7}"
EndProject
Project("{2150E333-8FDC-42A3-9474-1A3956D46DE8}") = "Exercises", "Exercises", "{5A063207-13C8-4FDF-B0C7-24697F0654D7}"
EndProject
Global
	GlobalSection(SolutionConfigurationPlatforms) = preSolution
		CI|Any CPU = CI|Any CPU
		Debug|Any CPU = Debug|Any CPU
		PROD|Any CPU = PROD|Any CPU
		UAT|Any CPU = UAT|Any CPU
	EndGlobalSection
	GlobalSection(ProjectConfigurationPlatforms) = postSolution
		{CE23F93A-FFED-48ED-9839-753E86F14A72}.CI|Any CPU.ActiveCfg = CI|Any CPU
		{CE23F93A-FFED-48ED-9839-753E86F14A72}.CI|Any CPU.Build.0 = CI|Any CPU
		{CE23F93A-FFED-48ED-9839-753E86F14A72}.Debug|Any CPU.ActiveCfg = Debug|Any CPU
		{CE23F93A-FFED-48ED-9839-753E86F14A72}.Debug|Any CPU.Build.0 = Debug|Any CPU
		{CE23F93A-FFED-48ED-9839-753E86F14A72}.PROD|Any CPU.ActiveCfg = PROD|Any CPU
		{CE23F93A-FFED-48ED-9839-753E86F14A72}.PROD|Any CPU.Build.0 = PROD|Any CPU
		{CE23F93A-FFED-48ED-9839-753E86F14A72}.UAT|Any CPU.ActiveCfg = UAT|Any CPU
		{CE23F93A-FFED-48ED-9839-753E86F14A72}.UAT|Any CPU.Build.0 = UAT|Any CPU
		{BF2C0534-140D-4FA5-9F19-74126640E5C2}.CI|Any CPU.ActiveCfg = CI|Any CPU
		{BF2C0534-140D-4FA5-9F19-74126640E5C2}.CI|Any CPU.Build.0 = CI|Any CPU
		{BF2C0534-140D-4FA5-9F19-74126640E5C2}.Debug|Any CPU.ActiveCfg = Debug|Any CPU
		{BF2C0534-140D-4FA5-9F19-74126640E5C2}.Debug|Any CPU.Build.0 = Debug|Any CPU
		{BF2C0534-140D-4FA5-9F19-74126640E5C2}.PROD|Any CPU.ActiveCfg = CI|Any CPU
		{BF2C0534-140D-4FA5-9F19-74126640E5C2}.PROD|Any CPU.Build.0 = CI|Any CPU
		{BF2C0534-140D-4FA5-9F19-74126640E5C2}.UAT|Any CPU.ActiveCfg = UAT|Any CPU
		{BF2C0534-140D-4FA5-9F19-74126640E5C2}.UAT|Any CPU.Build.0 = UAT|Any CPU
		{144FE622-D330-4388-9697-3D382F231F93}.CI|Any CPU.ActiveCfg = CI|Any CPU
		{144FE622-D330-4388-9697-3D382F231F93}.CI|Any CPU.Build.0 = CI|Any CPU
		{144FE622-D330-4388-9697-3D382F231F93}.Debug|Any CPU.ActiveCfg = Debug|Any CPU
		{144FE622-D330-4388-9697-3D382F231F93}.Debug|Any CPU.Build.0 = Debug|Any CPU
		{144FE622-D330-4388-9697-3D382F231F93}.PROD|Any CPU.ActiveCfg = UAT|Any CPU
		{144FE622-D330-4388-9697-3D382F231F93}.PROD|Any CPU.Build.0 = UAT|Any CPU
		{144FE622-D330-4388-9697-3D382F231F93}.UAT|Any CPU.ActiveCfg = UAT|Any CPU
		{144FE622-D330-4388-9697-3D382F231F93}.UAT|Any CPU.Build.0 = UAT|Any CPU
		{A86E39B5-BF96-476F-8FE7-29BAD10546AD}.CI|Any CPU.ActiveCfg = CI|Any CPU
		{A86E39B5-BF96-476F-8FE7-29BAD10546AD}.CI|Any CPU.Build.0 = CI|Any CPU
		{A86E39B5-BF96-476F-8FE7-29BAD10546AD}.Debug|Any CPU.ActiveCfg = Debug|Any CPU
		{A86E39B5-BF96-476F-8FE7-29BAD10546AD}.Debug|Any CPU.Build.0 = Debug|Any CPU
		{A86E39B5-BF96-476F-8FE7-29BAD10546AD}.PROD|Any CPU.ActiveCfg = CI|Any CPU
		{A86E39B5-BF96-476F-8FE7-29BAD10546AD}.PROD|Any CPU.Build.0 = CI|Any CPU
		{A86E39B5-BF96-476F-8FE7-29BAD10546AD}.UAT|Any CPU.ActiveCfg = UAT|Any CPU
		{A86E39B5-BF96-476F-8FE7-29BAD10546AD}.UAT|Any CPU.Build.0 = UAT|Any CPU
		{AAF30395-40D2-4BEF-9FB4-A2E2DC7117BE}.CI|Any CPU.ActiveCfg = CI|Any CPU
		{AAF30395-40D2-4BEF-9FB4-A2E2DC7117BE}.CI|Any CPU.Build.0 = CI|Any CPU
		{AAF30395-40D2-4BEF-9FB4-A2E2DC7117BE}.Debug|Any CPU.ActiveCfg = Debug|Any CPU
		{AAF30395-40D2-4BEF-9FB4-A2E2DC7117BE}.Debug|Any CPU.Build.0 = Debug|Any CPU
		{AAF30395-40D2-4BEF-9FB4-A2E2DC7117BE}.PROD|Any CPU.ActiveCfg = UAT|Any CPU
		{AAF30395-40D2-4BEF-9FB4-A2E2DC7117BE}.PROD|Any CPU.Build.0 = UAT|Any CPU
		{AAF30395-40D2-4BEF-9FB4-A2E2DC7117BE}.UAT|Any CPU.ActiveCfg = UAT|Any CPU
		{AAF30395-40D2-4BEF-9FB4-A2E2DC7117BE}.UAT|Any CPU.Build.0 = UAT|Any CPU
		{B7310A07-8847-4647-B7DE-EB02196F6709}.CI|Any CPU.ActiveCfg = CI|Any CPU
		{B7310A07-8847-4647-B7DE-EB02196F6709}.CI|Any CPU.Build.0 = CI|Any CPU
		{B7310A07-8847-4647-B7DE-EB02196F6709}.Debug|Any CPU.ActiveCfg = Debug|Any CPU
		{B7310A07-8847-4647-B7DE-EB02196F6709}.Debug|Any CPU.Build.0 = Debug|Any CPU
		{B7310A07-8847-4647-B7DE-EB02196F6709}.PROD|Any CPU.ActiveCfg = UAT|Any CPU
		{B7310A07-8847-4647-B7DE-EB02196F6709}.PROD|Any CPU.Build.0 = UAT|Any CPU
		{B7310A07-8847-4647-B7DE-EB02196F6709}.UAT|Any CPU.ActiveCfg = UAT|Any CPU
		{B7310A07-8847-4647-B7DE-EB02196F6709}.UAT|Any CPU.Build.0 = UAT|Any CPU
		{2BB9BACE-FD6F-4B0C-B8C7-054C8BAC2B00}.CI|Any CPU.ActiveCfg = CI|Any CPU
		{2BB9BACE-FD6F-4B0C-B8C7-054C8BAC2B00}.CI|Any CPU.Build.0 = CI|Any CPU
		{2BB9BACE-FD6F-4B0C-B8C7-054C8BAC2B00}.Debug|Any CPU.ActiveCfg = Debug|Any CPU
		{2BB9BACE-FD6F-4B0C-B8C7-054C8BAC2B00}.Debug|Any CPU.Build.0 = Debug|Any CPU
		{2BB9BACE-FD6F-4B0C-B8C7-054C8BAC2B00}.PROD|Any CPU.ActiveCfg = CI|Any CPU
		{2BB9BACE-FD6F-4B0C-B8C7-054C8BAC2B00}.PROD|Any CPU.Build.0 = CI|Any CPU
		{2BB9BACE-FD6F-4B0C-B8C7-054C8BAC2B00}.UAT|Any CPU.ActiveCfg = UAT|Any CPU
		{2BB9BACE-FD6F-4B0C-B8C7-054C8BAC2B00}.UAT|Any CPU.Build.0 = UAT|Any CPU
		{4E11FB37-9CEE-4CDD-A68E-B71E7F970FE1}.CI|Any CPU.ActiveCfg = CI|Any CPU
		{4E11FB37-9CEE-4CDD-A68E-B71E7F970FE1}.CI|Any CPU.Build.0 = CI|Any CPU
		{4E11FB37-9CEE-4CDD-A68E-B71E7F970FE1}.Debug|Any CPU.ActiveCfg = Debug|Any CPU
		{4E11FB37-9CEE-4CDD-A68E-B71E7F970FE1}.Debug|Any CPU.Build.0 = Debug|Any CPU
		{4E11FB37-9CEE-4CDD-A68E-B71E7F970FE1}.PROD|Any CPU.ActiveCfg = CI|Any CPU
		{4E11FB37-9CEE-4CDD-A68E-B71E7F970FE1}.PROD|Any CPU.Build.0 = CI|Any CPU
		{4E11FB37-9CEE-4CDD-A68E-B71E7F970FE1}.UAT|Any CPU.ActiveCfg = UAT|Any CPU
		{4E11FB37-9CEE-4CDD-A68E-B71E7F970FE1}.UAT|Any CPU.Build.0 = UAT|Any CPU
		{247B58FC-0029-4E2B-84AA-C6564763FC88}.CI|Any CPU.ActiveCfg = CI|Any CPU
		{247B58FC-0029-4E2B-84AA-C6564763FC88}.CI|Any CPU.Build.0 = CI|Any CPU
		{247B58FC-0029-4E2B-84AA-C6564763FC88}.Debug|Any CPU.ActiveCfg = Debug|Any CPU
		{247B58FC-0029-4E2B-84AA-C6564763FC88}.Debug|Any CPU.Build.0 = Debug|Any CPU
		{247B58FC-0029-4E2B-84AA-C6564763FC88}.PROD|Any CPU.ActiveCfg = UAT|Any CPU
		{247B58FC-0029-4E2B-84AA-C6564763FC88}.PROD|Any CPU.Build.0 = UAT|Any CPU
		{247B58FC-0029-4E2B-84AA-C6564763FC88}.UAT|Any CPU.ActiveCfg = UAT|Any CPU
		{247B58FC-0029-4E2B-84AA-C6564763FC88}.UAT|Any CPU.Build.0 = UAT|Any CPU
		{FA555636-BAF4-49C9-870C-6C5D79A911CF}.CI|Any CPU.ActiveCfg = CI|Any CPU
		{FA555636-BAF4-49C9-870C-6C5D79A911CF}.CI|Any CPU.Build.0 = CI|Any CPU
		{FA555636-BAF4-49C9-870C-6C5D79A911CF}.Debug|Any CPU.ActiveCfg = Debug|Any CPU
		{FA555636-BAF4-49C9-870C-6C5D79A911CF}.Debug|Any CPU.Build.0 = Debug|Any CPU
		{FA555636-BAF4-49C9-870C-6C5D79A911CF}.PROD|Any CPU.ActiveCfg = CI|Any CPU
		{FA555636-BAF4-49C9-870C-6C5D79A911CF}.PROD|Any CPU.Build.0 = CI|Any CPU
		{FA555636-BAF4-49C9-870C-6C5D79A911CF}.UAT|Any CPU.ActiveCfg = UAT|Any CPU
		{FA555636-BAF4-49C9-870C-6C5D79A911CF}.UAT|Any CPU.Build.0 = UAT|Any CPU
		{140D1D99-FEE5-4257-A675-6D7F9572924C}.CI|Any CPU.ActiveCfg = CI|Any CPU
		{140D1D99-FEE5-4257-A675-6D7F9572924C}.CI|Any CPU.Build.0 = CI|Any CPU
		{140D1D99-FEE5-4257-A675-6D7F9572924C}.Debug|Any CPU.ActiveCfg = Debug|Any CPU
		{140D1D99-FEE5-4257-A675-6D7F9572924C}.Debug|Any CPU.Build.0 = Debug|Any CPU
		{140D1D99-FEE5-4257-A675-6D7F9572924C}.PROD|Any CPU.ActiveCfg = UAT|Any CPU
		{140D1D99-FEE5-4257-A675-6D7F9572924C}.PROD|Any CPU.Build.0 = UAT|Any CPU
		{140D1D99-FEE5-4257-A675-6D7F9572924C}.UAT|Any CPU.ActiveCfg = UAT|Any CPU
		{140D1D99-FEE5-4257-A675-6D7F9572924C}.UAT|Any CPU.Build.0 = UAT|Any CPU
		{C7E1F8EC-E827-4CB5-9950-68937A858F9D}.CI|Any CPU.ActiveCfg = CI|Any CPU
		{C7E1F8EC-E827-4CB5-9950-68937A858F9D}.CI|Any CPU.Build.0 = CI|Any CPU
		{C7E1F8EC-E827-4CB5-9950-68937A858F9D}.Debug|Any CPU.ActiveCfg = Debug|Any CPU
		{C7E1F8EC-E827-4CB5-9950-68937A858F9D}.Debug|Any CPU.Build.0 = Debug|Any CPU
		{C7E1F8EC-E827-4CB5-9950-68937A858F9D}.PROD|Any CPU.ActiveCfg = UAT|Any CPU
		{C7E1F8EC-E827-4CB5-9950-68937A858F9D}.PROD|Any CPU.Build.0 = UAT|Any CPU
		{C7E1F8EC-E827-4CB5-9950-68937A858F9D}.UAT|Any CPU.ActiveCfg = UAT|Any CPU
		{C7E1F8EC-E827-4CB5-9950-68937A858F9D}.UAT|Any CPU.Build.0 = UAT|Any CPU
		{E71C5847-CA46-4E14-B315-EEEB98562C22}.CI|Any CPU.ActiveCfg = CI|Any CPU
		{E71C5847-CA46-4E14-B315-EEEB98562C22}.CI|Any CPU.Build.0 = CI|Any CPU
		{E71C5847-CA46-4E14-B315-EEEB98562C22}.Debug|Any CPU.ActiveCfg = Debug|Any CPU
		{E71C5847-CA46-4E14-B315-EEEB98562C22}.Debug|Any CPU.Build.0 = Debug|Any CPU
		{E71C5847-CA46-4E14-B315-EEEB98562C22}.PROD|Any CPU.ActiveCfg = CI|Any CPU
		{E71C5847-CA46-4E14-B315-EEEB98562C22}.PROD|Any CPU.Build.0 = CI|Any CPU
		{E71C5847-CA46-4E14-B315-EEEB98562C22}.UAT|Any CPU.ActiveCfg = UAT|Any CPU
		{E71C5847-CA46-4E14-B315-EEEB98562C22}.UAT|Any CPU.Build.0 = UAT|Any CPU
	EndGlobalSection
	GlobalSection(SolutionProperties) = preSolution
		HideSolutionNode = FALSE
	EndGlobalSection
	GlobalSection(NestedProjects) = preSolution
		{BF2C0534-140D-4FA5-9F19-74126640E5C2} = {5A063207-13C8-4FDF-B0C7-24697F0654D7}
		{144FE622-D330-4388-9697-3D382F231F93} = {5A063207-13C8-4FDF-B0C7-24697F0654D7}
		{A86E39B5-BF96-476F-8FE7-29BAD10546AD} = {5A063207-13C8-4FDF-B0C7-24697F0654D7}
		{AAF30395-40D2-4BEF-9FB4-A2E2DC7117BE} = {5A063207-13C8-4FDF-B0C7-24697F0654D7}
		{B7310A07-8847-4647-B7DE-EB02196F6709} = {5A063207-13C8-4FDF-B0C7-24697F0654D7}
		{2BB9BACE-FD6F-4B0C-B8C7-054C8BAC2B00} = {5A063207-13C8-4FDF-B0C7-24697F0654D7}
		{C7E1F8EC-E827-4CB5-9950-68937A858F9D} = {E5975D60-8E42-42A5-8174-29573A8499C7}
		{E71C5847-CA46-4E14-B315-EEEB98562C22} = {E5975D60-8E42-42A5-8174-29573A8499C7}
	EndGlobalSection
	GlobalSection(ExtensibilityGlobals) = postSolution
		SolutionGuid = {02A87000-C9D0-4E8B-B908-7952D8ADA6EA}
	EndGlobalSection
EndGlobal
